
Microsoft Visual Studio Solution File, Format Version 12.00
# Visual Studio 15
Project("{FAE04EC0-301F-11D3-BF4B-00C04F79EFBC}") = "Assembly-CSharp", "Assembly-CSharp.csproj", "{C14F168F-CA2B-52C2-4DEE-884916E3679F}"
EndProject
Global
	GlobalSection(SolutionConfigurationPlatforms) = preSolution
		Debug|Any CPU = Debug|Any CPU
		Release|Any CPU = Release|Any CPU
	EndGlobalSection
	GlobalSection(ProjectConfigurationPlatforms) = postSolution
		{C14F168F-CA2B-52C2-4DEE-884916E3679F}.Debug|Any CPU.ActiveCfg = Debug|Any CPU
		{C14F168F-CA2B-52C2-4DEE-884916E3679F}.Debug|Any CPU.Build.0 = Debug|Any CPU
		{C14F168F-CA2B-52C2-4DEE-884916E3679F}.Release|Any CPU.ActiveCfg = Release|Any CPU
		{C14F168F-CA2B-52C2-4DEE-884916E3679F}.Release|Any CPU.Build.0 = Release|Any CPU
	EndGlobalSection
	GlobalSection(SolutionProperties) = preSolution
		HideSolutionNode = FALSE
	EndGlobalSection
EndGlobal
